
Microsoft Visual Studio Solution File, Format Version 12.00
# Visual Studio Version 17
VisualStudioVersion = 17.7.34031.279
MinimumVisualStudioVersion = 10.0.40219.1
Project("{FAE04EC0-301F-11D3-BF4B-00C04F79EFBC}") = "ComputerLanguageDetector", "ComputerLanguageDetector\ComputerLanguageDetector.csproj", "{81D7BABD-D28F-4786-BC82-D75A133969F8}"
EndProject
Project("{FAE04EC0-301F-11D3-BF4B-00C04F79EFBC}") = "LibraryComputerLanguage", "LibraryComputerLanguage\LibraryComputerLanguage.csproj", "{10C95C2B-7E49-4F0C-B8AD-1B72C6301009}"
EndProject
Global
	GlobalSection(SolutionConfigurationPlatforms) = preSolution
		Debug|Any CPU = Debug|Any CPU
		Release|Any CPU = Release|Any CPU
	EndGlobalSection
	GlobalSection(ProjectConfigurationPlatforms) = postSolution
		{81D7BABD-D28F-4786-BC82-D75A133969F8}.Debug|Any CPU.ActiveCfg = Debug|Any CPU
		{81D7BABD-D28F-4786-BC82-D75A133969F8}.Debug|Any CPU.Build.0 = Debug|Any CPU
		{81D7BABD-D28F-4786-BC82-D75A133969F8}.Release|Any CPU.ActiveCfg = Release|Any CPU
		{81D7BABD-D28F-4786-BC82-D75A133969F8}.Release|Any CPU.Build.0 = Release|Any CPU
		{10C95C2B-7E49-4F0C-B8AD-1B72C6301009}.Debug|Any CPU.ActiveCfg = Debug|Any CPU
		{10C95C2B-7E49-4F0C-B8AD-1B72C6301009}.Debug|Any CPU.Build.0 = Debug|Any CPU
		{10C95C2B-7E49-4F0C-B8AD-1B72C6301009}.Release|Any CPU.ActiveCfg = Release|Any CPU
		{10C95C2B-7E49-4F0C-B8AD-1B72C6301009}.Release|Any CPU.Build.0 = Release|Any CPU
	EndGlobalSection
	GlobalSection(SolutionProperties) = preSolution
		HideSolutionNode = FALSE
	EndGlobalSection
	GlobalSection(ExtensibilityGlobals) = postSolution
		SolutionGuid = {EF41D243-2EFD-41C8-A14D-501B52EDD2BB}
	EndGlobalSection
EndGlobal
